{
  "name": "backend",
  "version": "1.0.0",
  "lockfileVersion": 3,
  "requires": true,
  "packages": {
    "": {
      "name": "backend",
      "version": "1.0.0",
      "license": "ISC",
      "dependencies": {
        "accessibility": "^3.0.9",
        "chalk": "^5.6.2",
        "one-liner-joke": "^1.2.2"
      }
    },
    "node_modules/accessibility": {
      "version": "3.0.9",
      "resolved": "https://registry.npmjs.org/accessibility/-/accessibility-3.0.9.tgz",
      "integrity": "sha512-p05tZNd09C1Voz/+nKQdZxajFo0zI8sDdwZGThoPqole7lCkK2mOg5WJRGDpc+i9iPOoSBKA6mgk9cW5RFhPqQ==",
      "license": "MIT"
    },
    "node_modules/chalk": {
      "version": "5.6.2",
      "resolved": "https://registry.npmjs.org/chalk/-/chalk-5.6.2.tgz",
      "integrity": "sha512-7NzBL0rN6fMUW+f7A6Io4h40qQlG+xGmtMxfbnH/K7TAtt8JQWVQK+6g0UXKMeVJoyV5EkkNsErQ8pVD3bLHbA==",
      "license": "MIT",
      "engines": {
        "node": "^12.17.0 || ^14.13 || >=16.0.0"
      },
      "funding": {
        "url": "https://github.com/chalk/chalk?sponsor=1"
      }
    },
    "node_modules/one-liner-joke": {
      "version": "1.2.2",
      "resolved": "https://registry.npmjs.org/one-liner-joke/-/one-liner-joke-1.2.2.tgz",
      "integrity": "sha512-ELNnmMtLPmp3b85J0FGm7i4Q5vfqPNefj6r5oMsk9OgrC3iaccIyn8FInVSsG3nGud4XIDqUKesLcGRCxoU2Zw==",
      "license": "MIT",
      "engines": {
        "node": ">=6.0.0"
      }
    }
  }
}
